// !$*UTF8*$!
{
	archiveVersion = 1;
	classes = {
	};
	objectVersion = 46;
	objects = {

/* Begin PBXBuildFile section */
		84883E621D21530000949C64 /* AppDelegate.swift in Sources */ = {isa = PBXBuildFile; fileRef = 84883E611D21530000949C64 /* AppDelegate.swift */; };
		84883E641D21530000949C64 /* ViewController.swift in Sources */ = {isa = PBXBuildFile; fileRef = 84883E631D21530000949C64 /* ViewController.swift */; };
		84883E671D21530000949C64 /* Main.storyboard in Resources */ = {isa = PBXBuildFile; fileRef = 84883E651D21530000949C64 /* Main.storyboard */; };
		84883E691D21530000949C64 /* Assets.xcassets in Resources */ = {isa = PBXBuildFile; fileRef = 84883E681D21530000949C64 /* Assets.xcassets */; };
		84883E6C1D21530000949C64 /* LaunchScreen.storyboard in Resources */ = {isa = PBXBuildFile; fileRef = 84883E6A1D21530000949C64 /* LaunchScreen.storyboard */; };
/* End PBXBuildFile section */

/* Begin PBXFileReference section */
		84883E5E1D21530000949C64 /* Select_LabW02_DatingCoder.app */ = {isa = PBXFileReference; explicitFileType = wrapper.application; includeInIndex = 0; path = Select_LabW02_DatingCoder.app; sourceTree = BUILT_PRODUCTS_DIR; };
		84883E611D21530000949C64 /* AppDelegate.swift */ = {isa = PBXFileReference; lastKnownFileType = sourcecode.swift; path = AppDelegate.swift; sourceTree = "<group>"; };
		84883E631D21530000949C64 /* ViewController.swift */ = {isa = PBXFileReference; lastKnownFileType = sourcecode.swift; path = ViewController.swift; sourceTree = "<group>"; };
		84883E661D21530000949C64 /* Base */ = {isa = PBXFileReference; lastKnownFileType = file.storyboard; name = Base; path = Base.lproj/Main.storyboard; sourceTree = "<group>"; };
		84883E681D21530000949C64 /* Assets.xcassets */ = {isa = PBXFileReference; lastKnownFileType = folder.assetcatalog; path = Assets.xcassets; sourceTree = "<group>"; };
		84883E6B1D21530000949C64 /* Base */ = {isa = PBXFileReference; lastKnownFileType = file.storyboard; name = Base; path = Base.lproj/LaunchScreen.storyboard; sourceTree = "<group>"; };
		84883E6D1D21530000949C64 /* Info.plist */ = {isa = PBXFileReference; lastKnownFileType = text.plist.xml; path = Info.plist; sourceTree = "<group>"; };
/* End PBXFileReference section */

/* Begin PBXFrameworksBuildPhase section */
		84883E5B1D21530000949C64 /* Frameworks */ = {
			isa = PBXFrameworksBuildPhase;
			buildActionMask = 2147483647;
			files = (
			);
			runOnlyForDeploymentPostprocessing = 0;
		};
/* End PBXFrameworksBuildPhase section */

/* Begin PBXGroup section */
		84883E551D21530000949C64 = {
			isa = PBXGroup;
			children = (
				84883E601D21530000949C64 /* Select_LabW02_DatingCoder */,
				84883E5F1D21530000949C64 /* Products */,
			);
			sourceTree = "<group>";
		};
		84883E5F1D21530000949C64 /* Products */ = {
			isa = PBXGroup;
			children = (
				84883E5E1D21530000949C64 /* Select_LabW02_DatingCoder.app */,
			);
			name = Products;
			sourceTree = "<group>";
		};
		84883E601D21530000949C64 /* Select_LabW02_DatingCoder */ = {
			isa = PBXGroup;
			children = (
				84883E611D21530000949C64 /* AppDelegate.swift */,
				84883E631D21530000949C64 /* ViewController.swift */,
				84883E651D21530000949C64 /* Main.storyboard */,
				84883E681D21530000949C64 /* Assets.xcassets */,
				84883E6A1D21530000949C64 /* LaunchScreen.storyboard */,
				84883E6D1D21530000949C64 /* Info.plist */,
			);
			path = Select_LabW02_DatingCoder;
			sourceTree = "<group>";
		};
/* End PBXGroup section */

/* Begin PBXNativeTarget section */
		84883E5D1D21530000949C64 /* Select_LabW02_DatingCoder */ = {
			isa = PBXNativeTarget;
			buildConfigurationList = 84883E701D21530000949C64 /* Build configuration list for PBXNativeTarget "Select_LabW02_DatingCoder" */;
			buildPhases = (
				84883E5A1D21530000949C64 /* Sources */,
				84883E5B1D21530000949C64 /* Frameworks */,
				84883E5C1D21530000949C64 /* Resources */,
			);
			buildRules = (
			);
			dependencies = (
			);
			name = Select_LabW02_DatingCoder;
			productName = Select_LabW02_DatingCoder;
			productReference = 84883E5E1D21530000949C64 /* Select_LabW02_DatingCoder.app */;
			productType = "com.apple.product-type.application";
		};
/* End PBXNativeTarget section */

/* Begin PBXProject section */
		84883E561D21530000949C64 /* Project object */ = {
			isa = PBXProject;
			attributes = {
				LastSwiftUpdateCheck = 0720;
				LastUpgradeCheck = 0720;
				ORGANIZATIONNAME = koyot3;
				TargetAttributes = {
					84883E5D1D21530000949C64 = {
						CreatedOnToolsVersion = 7.2.1;
					};
				};
			};
			buildConfigurationList = 84883E591D21530000949C64 /* Build configuration list for PBXProject "Select_LabW02_DatingCoder" */;
			compatibilityVersion = "Xcode 3.2";
			developmentRegion = English;
			hasScannedForEncodings = 0;
			knownRegions = (
				en,
				Base,
			);
			mainGroup = 84883E551D21530000949C64;
			productRefGroup = 84883E5F1D21530000949C64 /* Products */;
			projectDirPath = "";
			projectRoot = "";
			targets = (
				84883E5D1D21530000949C64 /* Select_LabW02_DatingCoder */,
			);
		};
/* End PBXProject section */

/* Begin PBXResourcesBuildPhase section */
		84883E5C1D21530000949C64 /* Resources */ = {
			isa = PBXResourcesBuildPhase;
			buildActionMask = 2147483647;
			files = (
				84883E6C1D21530000949C64 /* LaunchScreen.storyboard in Resources */,
				84883E691D21530000949C64 /* Assets.xcassets in Resources */,
				84883E671D21530000949C64 /* Main.storyboard in Resources */,
			);
			runOnlyForDeploymentPostprocessing = 0;
		};
/* End PBXResourcesBuildPhase section */

/* Begin PBXSourcesBuildPhase section */
		84883E5A1D21530000949C64 /* Sources */ = {
			isa = PBXSourcesBuildPhase;
			buildActionMask = 2147483647;
			files = (
				84883E641D21530000949C64 /* ViewController.swift in Sources */,
				84883E621D21530000949C64 /* AppDelegate.swift in Sources */,
			);
			runOnlyForDeploymentPostprocessing = 0;
		};
/* End PBXSourcesBuildPhase section */

/* Begin PBXVariantGroup section */
		84883E651D21530000949C64 /* Main.storyboard */ = {
			isa = PBXVariantGroup;
			children = (
				84883E661D21530000949C64 /* Base */,
			);
			name = Main.storyboard;
			sourceTree = "<group>";
		};
		84883E6A1D21530000949C64 /* LaunchScreen.storyboard */ = {
			isa = PBXVariantGroup;
			children = (
				84883E6B1D21530000949C64 /* Base */,
			);
			name = LaunchScreen.storyboard;
			sourceTree = "<group>";
		};
/* End PBXVariantGroup section */

/* Begin XCBuildConfiguration section */
		84883E6E1D21530000949C64 /* Debug */ = {
			isa = XCBuildConfiguration;
			buildSettings = {
				ALWAYS_SEARCH_USER_PATHS = NO;
				CLANG_CXX_LANGUAGE_STANDARD = "gnu++0x";
				CLANG_CXX_LIBRARY = "libc++";
				CLANG_ENABLE_MODULES = YES;
				CLANG_ENABLE_OBJC_ARC = YES;
				CLANG_WARN_BOOL_CONVERSION = YES;
				CLANG_WARN_CONSTANT_CONVERSION = YES;
				CLANG_WARN_DIRECT_OBJC_ISA_USAGE = YES_ERROR;
				CLANG_WARN_EMPTY_BODY = YES;
				CLANG_WARN_ENUM_CONVERSION = YES;
				CLANG_WARN_INT_CONVERSION = YES;
				CLANG_WARN_OBJC_ROOT_CLASS = YES_ERROR;
				CLANG_WARN_UNREACHABLE_CODE = YES;
				CLANG_WARN__DUPLICATE_METHOD_MATCH = YES;
				"CODE_SIGN_IDENTITY[sdk=iphoneos*]" = "iPhone Developer";
				COPY_PHASE_STRIP = NO;
				DEBUG_INFORMATION_FORMAT = dwarf;
				ENABLE_STRICT_OBJC_MSGSEND = YES;
				ENABLE_TESTABILITY = YES;
				GCC_C_LANGUAGE_STANDARD = gnu99;
				GCC_DYNAMIC_NO_PIC = NO;
				GCC_NO_COMMON_BLOCKS = YES;
				GCC_OPTIMIZATION_LEVEL = 0;
				GCC_PREPROCESSOR_DEFINITIONS = (
					"DEBUG=1",
					"$(inherited)",
				);
				GCC_WARN_64_TO_32_BIT_CONVERSION = YES;
				GCC_WARN_ABOUT_RETURN_TYPE = YES_ERROR;
				GCC_WARN_UNDECLARED_SELECTOR = YES;
				GCC_WARN_UNINITIALIZED_AUTOS = YES_AGGRESSIVE;
				GCC_WARN_UNUSED_FUNCTION = YES;
				GCC_WARN_UNUSED_VARIABLE = YES;
				IPHONEOS_DEPLOYMENT_TARGET = 9.2;
				MTL_ENABLE_DEBUG_INFO = YES;
				ONLY_ACTIVE_ARCH = YES;
				SDKROOT = iphoneos;
				SWIFT_OPTIMIZATION_LEVEL = "-Onone";
			};
			name = Debug;
		};
		84883E6F1D21530000949C64 /* Release */ = {
			isa = XCBuildConfiguration;
			buildSettings = {
				ALWAYS_SEARCH_USER_PATHS = NO;
				CLANG_CXX_LANGUAGE_STANDARD = "gnu++0x";
				CLANG_CXX_LIBRARY = "libc++";
				CLANG_ENABLE_MODULES = YES;
				CLANG_ENABLE_OBJC_ARC = YES;
				CLANG_WARN_BOOL_CONVERSION = YES;
				CLANG_WARN_CONSTANT_CONVERSION = YES;
				CLANG_WARN_DIRECT_OBJC_ISA_USAGE = YES_ERROR;
				CLANG_WARN_EMPTY_BODY = YES;
				CLANG_WARN_ENUM_CONVERSION = YES;
				CLANG_WARN_INT_CONVERSION = YES;
				CLANG_WARN_OBJC_ROOT_CLASS = YES_ERROR;
				CLANG_WARN_UNREACHABLE_CODE = YES;
				CLANG_WARN__DUPLICATE_METHOD_MATCH = YES;
				"CODE_SIGN_IDENTITY[sdk=iphoneos*]" = "iPhone Developer";
				COPY_PHASE_STRIP = NO;
				DEBUG_INFORMATION_FORMAT = "dwarf-with-dsym";
				ENABLE_NS_ASSERTIONS = NO;
				ENABLE_STRICT_OBJC_MSGSEND = YES;
				GCC_C_LANGUAGE_STANDARD = gnu99;
				GCC_NO_COMMON_BLOCKS = YES;
				GCC_WARN_64_TO_32_BIT_CONVERSION = YES;
				GCC_WARN_ABOUT_RETURN_TYPE = YES_ERROR;
				GCC_WARN_UNDECLARED_SELECTOR = YES;
				GCC_WARN_UNINITIALIZED_AUTOS = YES_AGGRESSIVE;
				GCC_WARN_UNUSED_FUNCTION = YES;
				GCC_WARN_UNUSED_VARIABLE = YES;
				IPHONEOS_DEPLOYMENT_TARGET = 9.2;
				MTL_ENABLE_DEBUG_INFO = NO;
				SDKROOT = iphoneos;
				VALIDATE_PRODUCT = YES;
			};
			name = Release;
		};
		84883E711D21530000949C64 /* Debug */ = {
			isa = XCBuildConfiguration;
			buildSettings = {
				ASSETCATALOG_COMPILER_APPICON_NAME = AppIcon;
				INFOPLIST_FILE = Select_LabW02_DatingCoder/Info.plist;
				LD_RUNPATH_SEARCH_PATHS = "$(inherited) @executable_path/Frameworks";
				PRODUCT_BUNDLE_IDENTIFIER = "vn.coderschool.Select-LabW02-DatingCoder";
				PRODUCT_NAME = "$(TARGET_NAME)";
			};
			name = Debug;
		};
		84883E721D21530000949C64 /* Release */ = {
			isa = XCBuildConfiguration;
			buildSettings = {
				ASSETCATALOG_COMPILER_APPICON_NAME = AppIcon;
				INFOPLIST_FILE = Select_LabW02_DatingCoder/Info.plist;
				LD_RUNPATH_SEARCH_PATHS = "$(inherited) @executable_path/Frameworks";
				PRODUCT_BUNDLE_IDENTIFIER = "vn.coderschool.Select-LabW02-DatingCoder";
				PRODUCT_NAME = "$(TARGET_NAME)";
			};
			name = Release;
		};
/* End XCBuildConfiguration section */

/* Begin XCConfigurationList section */
		84883E591D21530000949C64 /* Build configuration list for PBXProject "Select_LabW02_DatingCoder" */ = {
			isa = XCConfigurationList;
			buildConfigurations = (
				84883E6E1D21530000949C64 /* Debug */,
				84883E6F1D21530000949C64 /* Release */,
			);
			defaultConfigurationIsVisible = 0;
			defaultConfigurationName = Release;
		};
		84883E701D21530000949C64 /* Build configuration list for PBXNativeTarget "Select_LabW02_DatingCoder" */ = {
			isa = XCConfigurationList;
			buildConfigurations = (
				84883E711D21530000949C64 /* Debug */,
				84883E721D21530000949C64 /* Release */,
			);
			defaultConfigurationIsVisible = 0;
		};
/* End XCConfigurationList section */
	};
	rootObject = 84883E561D21530000949C64 /* Project object */;
}
