// !$*UTF8*$!
{
	archiveVersion = 1;
	classes = {
	};
	objectVersion = 46;
	objects = {

/* Begin PBXBuildFile section */
		262485601D21564600BD34B7 /* PersonLover.swift in Sources */ = {isa = PBXBuildFile; fileRef = 2624855F1D21564600BD34B7 /* PersonLover.swift */; };
		262485621D21578F00BD34B7 /* PersonLoverTableViewCell.swift in Sources */ = {isa = PBXBuildFile; fileRef = 262485611D21578F00BD34B7 /* PersonLoverTableViewCell.swift */; };
		262485641D2157FC00BD34B7 /* LoverDelegate.swift in Sources */ = {isa = PBXBuildFile; fileRef = 262485631D2157FC00BD34B7 /* LoverDelegate.swift */; };
		4C01E255B51421D3349C241B /* Pods_Select_LabW02_DatingCoder.framework in Frameworks */ = {isa = PBXBuildFile; fileRef = 98BF32CE93E219BF6D99FB81 /* Pods_Select_LabW02_DatingCoder.framework */; };
		84883E621D21530000949C64 /* AppDelegate.swift in Sources */ = {isa = PBXBuildFile; fileRef = 84883E611D21530000949C64 /* AppDelegate.swift */; };
		84883E641D21530000949C64 /* ViewController.swift in Sources */ = {isa = PBXBuildFile; fileRef = 84883E631D21530000949C64 /* ViewController.swift */; };
		84883E671D21530000949C64 /* Main.storyboard in Resources */ = {isa = PBXBuildFile; fileRef = 84883E651D21530000949C64 /* Main.storyboard */; };
		84883E691D21530000949C64 /* Assets.xcassets in Resources */ = {isa = PBXBuildFile; fileRef = 84883E681D21530000949C64 /* Assets.xcassets */; };
		84883E6C1D21530000949C64 /* LaunchScreen.storyboard in Resources */ = {isa = PBXBuildFile; fileRef = 84883E6A1D21530000949C64 /* LaunchScreen.storyboard */; };
/* End PBXBuildFile section */

/* Begin PBXFileReference section */
		1D06F6F3248E89A13AF4413D /* Pods-Select_LabW02_DatingCoder.release.xcconfig */ = {isa = PBXFileReference; includeInIndex = 1; lastKnownFileType = text.xcconfig; name = "Pods-Select_LabW02_DatingCoder.release.xcconfig"; path = "Pods/Target Support Files/Pods-Select_LabW02_DatingCoder/Pods-Select_LabW02_DatingCoder.release.xcconfig"; sourceTree = "<group>"; };
		2624855F1D21564600BD34B7 /* PersonLover.swift */ = {isa = PBXFileReference; fileEncoding = 4; lastKnownFileType = sourcecode.swift; path = PersonLover.swift; sourceTree = "<group>"; };
		262485611D21578F00BD34B7 /* PersonLoverTableViewCell.swift */ = {isa = PBXFileReference; fileEncoding = 4; lastKnownFileType = sourcecode.swift; path = PersonLoverTableViewCell.swift; sourceTree = "<group>"; };
		262485631D2157FC00BD34B7 /* LoverDelegate.swift */ = {isa = PBXFileReference; fileEncoding = 4; lastKnownFileType = sourcecode.swift; path = LoverDelegate.swift; sourceTree = "<group>"; };
		84883E5E1D21530000949C64 /* Select_LabW02_DatingCoder.app */ = {isa = PBXFileReference; explicitFileType = wrapper.application; includeInIndex = 0; path = Select_LabW02_DatingCoder.app; sourceTree = BUILT_PRODUCTS_DIR; };
		84883E611D21530000949C64 /* AppDelegate.swift */ = {isa = PBXFileReference; lastKnownFileType = sourcecode.swift; path = AppDelegate.swift; sourceTree = "<group>"; };
		84883E631D21530000949C64 /* ViewController.swift */ = {isa = PBXFileReference; lastKnownFileType = sourcecode.swift; path = ViewController.swift; sourceTree = "<group>"; };
		84883E661D21530000949C64 /* Base */ = {isa = PBXFileReference; lastKnownFileType = file.storyboard; name = Base; path = Base.lproj/Main.storyboard; sourceTree = "<group>"; };
		84883E681D21530000949C64 /* Assets.xcassets */ = {isa = PBXFileReference; lastKnownFileType = folder.assetcatalog; path = Assets.xcassets; sourceTree = "<group>"; };
		84883E6B1D21530000949C64 /* Base */ = {isa = PBXFileReference; lastKnownFileType = file.storyboard; name = Base; path = Base.lproj/LaunchScreen.storyboard; sourceTree = "<group>"; };
		84883E6D1D21530000949C64 /* Info.plist */ = {isa = PBXFileReference; lastKnownFileType = text.plist.xml; path = Info.plist; sourceTree = "<group>"; };
		98BF32CE93E219BF6D99FB81 /* Pods_Select_LabW02_DatingCoder.framework */ = {isa = PBXFileReference; explicitFileType = wrapper.framework; includeInIndex = 0; path = Pods_Select_LabW02_DatingCoder.framework; sourceTree = BUILT_PRODUCTS_DIR; };
		DEBFCBC5CBDA8F2D0183CFD8 /* Pods-Select_LabW02_DatingCoder.debug.xcconfig */ = {isa = PBXFileReference; includeInIndex = 1; lastKnownFileType = text.xcconfig; name = "Pods-Select_LabW02_DatingCoder.debug.xcconfig"; path = "Pods/Target Support Files/Pods-Select_LabW02_DatingCoder/Pods-Select_LabW02_DatingCoder.debug.xcconfig"; sourceTree = "<group>"; };
/* End PBXFileReference section */

/* Begin PBXFrameworksBuildPhase section */
		84883E5B1D21530000949C64 /* Frameworks */ = {
			isa = PBXFrameworksBuildPhase;
			buildActionMask = 2147483647;
			files = (
				4C01E255B51421D3349C241B /* Pods_Select_LabW02_DatingCoder.framework in Frameworks */,
			);
			runOnlyForDeploymentPostprocessing = 0;
		};
/* End PBXFrameworksBuildPhase section */

/* Begin PBXGroup section */
		84883E551D21530000949C64 = {
			isa = PBXGroup;
			children = (
				84883E601D21530000949C64 /* Select_LabW02_DatingCoder */,
				84883E5F1D21530000949C64 /* Products */,
				A8D1D5AEC5C0E0280B86032F /* Pods */,
				8D669E2DE40F7C2FC6AD5CFE /* Frameworks */,
			);
			sourceTree = "<group>";
		};
		84883E5F1D21530000949C64 /* Products */ = {
			isa = PBXGroup;
			children = (
				84883E5E1D21530000949C64 /* Select_LabW02_DatingCoder.app */,
			);
			name = Products;
			sourceTree = "<group>";
		};
		84883E601D21530000949C64 /* Select_LabW02_DatingCoder */ = {
			isa = PBXGroup;
			children = (
				84883E611D21530000949C64 /* AppDelegate.swift */,
				84883E631D21530000949C64 /* ViewController.swift */,
				262485631D2157FC00BD34B7 /* LoverDelegate.swift */,
				2624855F1D21564600BD34B7 /* PersonLover.swift */,
				84883E651D21530000949C64 /* Main.storyboard */,
				262485611D21578F00BD34B7 /* PersonLoverTableViewCell.swift */,
				84883E681D21530000949C64 /* Assets.xcassets */,
				84883E6A1D21530000949C64 /* LaunchScreen.storyboard */,
				84883E6D1D21530000949C64 /* Info.plist */,
			);
			path = Select_LabW02_DatingCoder;
			sourceTree = "<group>";
		};
		8D669E2DE40F7C2FC6AD5CFE /* Frameworks */ = {
			isa = PBXGroup;
			children = (
				98BF32CE93E219BF6D99FB81 /* Pods_Select_LabW02_DatingCoder.framework */,
			);
			name = Frameworks;
			sourceTree = "<group>";
		};
		A8D1D5AEC5C0E0280B86032F /* Pods */ = {
			isa = PBXGroup;
			children = (
				DEBFCBC5CBDA8F2D0183CFD8 /* Pods-Select_LabW02_DatingCoder.debug.xcconfig */,
				1D06F6F3248E89A13AF4413D /* Pods-Select_LabW02_DatingCoder.release.xcconfig */,
			);
			name = Pods;
			sourceTree = "<group>";
		};
/* End PBXGroup section */

/* Begin PBXNativeTarget section */
		84883E5D1D21530000949C64 /* Select_LabW02_DatingCoder */ = {
			isa = PBXNativeTarget;
			buildConfigurationList = 84883E701D21530000949C64 /* Build configuration list for PBXNativeTarget "Select_LabW02_DatingCoder" */;
			buildPhases = (
				2F9F3BDE86C3F4EAB4CCA1DF /* Check Pods Manifest.lock */,
				84883E5A1D21530000949C64 /* Sources */,
				84883E5B1D21530000949C64 /* Frameworks */,
				84883E5C1D21530000949C64 /* Resources */,
				E4943E0E5228A05BA9C075C5 /* Embed Pods Frameworks */,
				4192961CB7ECD8163D24FC7F /* Copy Pods Resources */,
			);
			buildRules = (
			);
			dependencies = (
			);
			name = Select_LabW02_DatingCoder;
			productName = Select_LabW02_DatingCoder;
			productReference = 84883E5E1D21530000949C64 /* Select_LabW02_DatingCoder.app */;
			productType = "com.apple.product-type.application";
		};
/* End PBXNativeTarget section */

/* Begin PBXProject section */
		84883E561D21530000949C64 /* Project object */ = {
			isa = PBXProject;
			attributes = {
				LastSwiftUpdateCheck = 0720;
				LastUpgradeCheck = 0720;
				ORGANIZATIONNAME = koyot3;
				TargetAttributes = {
					84883E5D1D21530000949C64 = {
						CreatedOnToolsVersion = 7.2.1;
					};
				};
			};
			buildConfigurationList = 84883E591D21530000949C64 /* Build configuration list for PBXProject "Select_LabW02_DatingCoder" */;
			compatibilityVersion = "Xcode 3.2";
			developmentRegion = English;
			hasScannedForEncodings = 0;
			knownRegions = (
				en,
				Base,
			);
			mainGroup = 84883E551D21530000949C64;
			productRefGroup = 84883E5F1D21530000949C64 /* Products */;
			projectDirPath = "";
			projectRoot = "";
			targets = (
				84883E5D1D21530000949C64 /* Select_LabW02_DatingCoder */,
			);
		};
/* End PBXProject section */

/* Begin PBXResourcesBuildPhase section */
		84883E5C1D21530000949C64 /* Resources */ = {
			isa = PBXResourcesBuildPhase;
			buildActionMask = 2147483647;
			files = (
				84883E6C1D21530000949C64 /* LaunchScreen.storyboard in Resources */,
				84883E691D21530000949C64 /* Assets.xcassets in Resources */,
				84883E671D21530000949C64 /* Main.storyboard in Resources */,
			);
			runOnlyForDeploymentPostprocessing = 0;
		};
/* End PBXResourcesBuildPhase section */

/* Begin PBXShellScriptBuildPhase section */
		2F9F3BDE86C3F4EAB4CCA1DF /* Check Pods Manifest.lock */ = {
			isa = PBXShellScriptBuildPhase;
			buildActionMask = 2147483647;
			files = (
			);
			inputPaths = (
			);
			name = "Check Pods Manifest.lock";
			outputPaths = (
			);
			runOnlyForDeploymentPostprocessing = 0;
			shellPath = /bin/sh;
			shellScript = "diff \"${PODS_ROOT}/../Podfile.lock\" \"${PODS_ROOT}/Manifest.lock\" > /dev/null\nif [[ $? != 0 ]] ; then\n    cat << EOM\nerror: The sandbox is not in sync with the Podfile.lock. Run 'pod install' or update your CocoaPods installation.\nEOM\n    exit 1\nfi\n";
			showEnvVarsInLog = 0;
		};
		4192961CB7ECD8163D24FC7F /* Copy Pods Resources */ = {
			isa = PBXShellScriptBuildPhase;
			buildActionMask = 2147483647;
			files = (
			);
			inputPaths = (
			);
			name = "Copy Pods Resources";
			outputPaths = (
			);
			runOnlyForDeploymentPostprocessing = 0;
			shellPath = /bin/sh;
			shellScript = "\"${SRCROOT}/Pods/Target Support Files/Pods-Select_LabW02_DatingCoder/Pods-Select_LabW02_DatingCoder-resources.sh\"\n";
			showEnvVarsInLog = 0;
		};
		E4943E0E5228A05BA9C075C5 /* Embed Pods Frameworks */ = {
			isa = PBXShellScriptBuildPhase;
			buildActionMask = 2147483647;
			files = (
			);
			inputPaths = (
			);
			name = "Embed Pods Frameworks";
			outputPaths = (
			);
			runOnlyForDeploymentPostprocessing = 0;
			shellPath = /bin/sh;
			shellScript = "\"${SRCROOT}/Pods/Target Support Files/Pods-Select_LabW02_DatingCoder/Pods-Select_LabW02_DatingCoder-frameworks.sh\"\n";
			showEnvVarsInLog = 0;
		};
/* End PBXShellScriptBuildPhase section */

/* Begin PBXSourcesBuildPhase section */
		84883E5A1D21530000949C64 /* Sources */ = {
			isa = PBXSourcesBuildPhase;
			buildActionMask = 2147483647;
			files = (
				84883E641D21530000949C64 /* ViewController.swift in Sources */,
				262485601D21564600BD34B7 /* PersonLover.swift in Sources */,
				84883E621D21530000949C64 /* AppDelegate.swift in Sources */,
				262485641D2157FC00BD34B7 /* LoverDelegate.swift in Sources */,
				262485621D21578F00BD34B7 /* PersonLoverTableViewCell.swift in Sources */,
			);
			runOnlyForDeploymentPostprocessing = 0;
		};
/* End PBXSourcesBuildPhase section */

/* Begin PBXVariantGroup section */
		84883E651D21530000949C64 /* Main.storyboard */ = {
			isa = PBXVariantGroup;
			children = (
				84883E661D21530000949C64 /* Base */,
			);
			name = Main.storyboard;
			sourceTree = "<group>";
		};
		84883E6A1D21530000949C64 /* LaunchScreen.storyboard */ = {
			isa = PBXVariantGroup;
			children = (
				84883E6B1D21530000949C64 /* Base */,
			);
			name = LaunchScreen.storyboard;
			sourceTree = "<group>";
		};
/* End PBXVariantGroup section */

/* Begin XCBuildConfiguration section */
		84883E6E1D21530000949C64 /* Debug */ = {
			isa = XCBuildConfiguration;
			buildSettings = {
				ALWAYS_SEARCH_USER_PATHS = NO;
				CLANG_CXX_LANGUAGE_STANDARD = "gnu++0x";
				CLANG_CXX_LIBRARY = "libc++";
				CLANG_ENABLE_MODULES = YES;
				CLANG_ENABLE_OBJC_ARC = YES;
				CLANG_WARN_BOOL_CONVERSION = YES;
				CLANG_WARN_CONSTANT_CONVERSION = YES;
				CLANG_WARN_DIRECT_OBJC_ISA_USAGE = YES_ERROR;
				CLANG_WARN_EMPTY_BODY = YES;
				CLANG_WARN_ENUM_CONVERSION = YES;
				CLANG_WARN_INT_CONVERSION = YES;
				CLANG_WARN_OBJC_ROOT_CLASS = YES_ERROR;
				CLANG_WARN_UNREACHABLE_CODE = YES;
				CLANG_WARN__DUPLICATE_METHOD_MATCH = YES;
				"CODE_SIGN_IDENTITY[sdk=iphoneos*]" = "iPhone Developer";
				COPY_PHASE_STRIP = NO;
				DEBUG_INFORMATION_FORMAT = dwarf;
				ENABLE_STRICT_OBJC_MSGSEND = YES;
				ENABLE_TESTABILITY = YES;
				GCC_C_LANGUAGE_STANDARD = gnu99;
				GCC_DYNAMIC_NO_PIC = NO;
				GCC_NO_COMMON_BLOCKS = YES;
				GCC_OPTIMIZATION_LEVEL = 0;
				GCC_PREPROCESSOR_DEFINITIONS = (
					"DEBUG=1",
					"$(inherited)",
				);
				GCC_WARN_64_TO_32_BIT_CONVERSION = YES;
				GCC_WARN_ABOUT_RETURN_TYPE = YES_ERROR;
				GCC_WARN_UNDECLARED_SELECTOR = YES;
				GCC_WARN_UNINITIALIZED_AUTOS = YES_AGGRESSIVE;
				GCC_WARN_UNUSED_FUNCTION = YES;
				GCC_WARN_UNUSED_VARIABLE = YES;
				IPHONEOS_DEPLOYMENT_TARGET = 9.2;
				MTL_ENABLE_DEBUG_INFO = YES;
				ONLY_ACTIVE_ARCH = YES;
				SDKROOT = iphoneos;
				SWIFT_OPTIMIZATION_LEVEL = "-Onone";
			};
			name = Debug;
		};
		84883E6F1D21530000949C64 /* Release */ = {
			isa = XCBuildConfiguration;
			buildSettings = {
				ALWAYS_SEARCH_USER_PATHS = NO;
				CLANG_CXX_LANGUAGE_STANDARD = "gnu++0x";
				CLANG_CXX_LIBRARY = "libc++";
				CLANG_ENABLE_MODULES = YES;
				CLANG_ENABLE_OBJC_ARC = YES;
				CLANG_WARN_BOOL_CONVERSION = YES;
				CLANG_WARN_CONSTANT_CONVERSION = YES;
				CLANG_WARN_DIRECT_OBJC_ISA_USAGE = YES_ERROR;
				CLANG_WARN_EMPTY_BODY = YES;
				CLANG_WARN_ENUM_CONVERSION = YES;
				CLANG_WARN_INT_CONVERSION = YES;
				CLANG_WARN_OBJC_ROOT_CLASS = YES_ERROR;
				CLANG_WARN_UNREACHABLE_CODE = YES;
				CLANG_WARN__DUPLICATE_METHOD_MATCH = YES;
				"CODE_SIGN_IDENTITY[sdk=iphoneos*]" = "iPhone Developer";
				COPY_PHASE_STRIP = NO;
				DEBUG_INFORMATION_FORMAT = "dwarf-with-dsym";
				ENABLE_NS_ASSERTIONS = NO;
				ENABLE_STRICT_OBJC_MSGSEND = YES;
				GCC_C_LANGUAGE_STANDARD = gnu99;
				GCC_NO_COMMON_BLOCKS = YES;
				GCC_WARN_64_TO_32_BIT_CONVERSION = YES;
				GCC_WARN_ABOUT_RETURN_TYPE = YES_ERROR;
				GCC_WARN_UNDECLARED_SELECTOR = YES;
				GCC_WARN_UNINITIALIZED_AUTOS = YES_AGGRESSIVE;
				GCC_WARN_UNUSED_FUNCTION = YES;
				GCC_WARN_UNUSED_VARIABLE = YES;
				IPHONEOS_DEPLOYMENT_TARGET = 9.2;
				MTL_ENABLE_DEBUG_INFO = NO;
				SDKROOT = iphoneos;
				VALIDATE_PRODUCT = YES;
			};
			name = Release;
		};
		84883E711D21530000949C64 /* Debug */ = {
			isa = XCBuildConfiguration;
			baseConfigurationReference = DEBFCBC5CBDA8F2D0183CFD8 /* Pods-Select_LabW02_DatingCoder.debug.xcconfig */;
			buildSettings = {
				ASSETCATALOG_COMPILER_APPICON_NAME = AppIcon;
				INFOPLIST_FILE = Select_LabW02_DatingCoder/Info.plist;
				LD_RUNPATH_SEARCH_PATHS = "$(inherited) @executable_path/Frameworks";
				PRODUCT_BUNDLE_IDENTIFIER = "vn.coderschool.Select-LabW02-DatingCoder";
				PRODUCT_NAME = "$(TARGET_NAME)";
			};
			name = Debug;
		};
		84883E721D21530000949C64 /* Release */ = {
			isa = XCBuildConfiguration;
			baseConfigurationReference = 1D06F6F3248E89A13AF4413D /* Pods-Select_LabW02_DatingCoder.release.xcconfig */;
			buildSettings = {
				ASSETCATALOG_COMPILER_APPICON_NAME = AppIcon;
				INFOPLIST_FILE = Select_LabW02_DatingCoder/Info.plist;
				LD_RUNPATH_SEARCH_PATHS = "$(inherited) @executable_path/Frameworks";
				PRODUCT_BUNDLE_IDENTIFIER = "vn.coderschool.Select-LabW02-DatingCoder";
				PRODUCT_NAME = "$(TARGET_NAME)";
			};
			name = Release;
		};
/* End XCBuildConfiguration section */

/* Begin XCConfigurationList section */
		84883E591D21530000949C64 /* Build configuration list for PBXProject "Select_LabW02_DatingCoder" */ = {
			isa = XCConfigurationList;
			buildConfigurations = (
				84883E6E1D21530000949C64 /* Debug */,
				84883E6F1D21530000949C64 /* Release */,
			);
			defaultConfigurationIsVisible = 0;
			defaultConfigurationName = Release;
		};
		84883E701D21530000949C64 /* Build configuration list for PBXNativeTarget "Select_LabW02_DatingCoder" */ = {
			isa = XCConfigurationList;
			buildConfigurations = (
				84883E711D21530000949C64 /* Debug */,
				84883E721D21530000949C64 /* Release */,
			);
			defaultConfigurationIsVisible = 0;
			defaultConfigurationName = Release;
		};
/* End XCConfigurationList section */
	};
	rootObject = 84883E561D21530000949C64 /* Project object */;
}
